// !$*UTF8*$!
{
	archiveVersion = 1;
	classes = {
	};
	objectVersion = 56;
	objects = {

/* Begin PBXBuildFile section */
		34084CFF29BD580300E62E92 /* AppDelegate.swift in Sources */ = {isa = PBXBuildFile; fileRef = 34084CFE29BD580300E62E92 /* AppDelegate.swift */; };
		34084D0129BD580300E62E92 /* SceneDelegate.swift in Sources */ = {isa = PBXBuildFile; fileRef = 34084D0029BD580300E62E92 /* SceneDelegate.swift */; };
		34084D0629BD580300E62E92 /* Main.storyboard in Resources */ = {isa = PBXBuildFile; fileRef = 34084D0429BD580300E62E92 /* Main.storyboard */; };
		34084D0829BD580700E62E92 /* Assets.xcassets in Resources */ = {isa = PBXBuildFile; fileRef = 34084D0729BD580700E62E92 /* Assets.xcassets */; };
		34084D0B29BD580700E62E92 /* LaunchScreen.storyboard in Resources */ = {isa = PBXBuildFile; fileRef = 34084D0929BD580700E62E92 /* LaunchScreen.storyboard */; };
		34084D1929BD594A00E62E92 /* Character.swift in Sources */ = {isa = PBXBuildFile; fileRef = 34084D1829BD594A00E62E92 /* Character.swift */; };
		34084D1C29BD5BC100E62E92 /* NetworkError.swift in Sources */ = {isa = PBXBuildFile; fileRef = 34084D1B29BD5BC100E62E92 /* NetworkError.swift */; };
		34084D1E29BD5C1B00E62E92 /* APIService.swift in Sources */ = {isa = PBXBuildFile; fileRef = 34084D1D29BD5C1B00E62E92 /* APIService.swift */; };
		34084D2029BF5F2E00E62E92 /* CharacterListEndPoint.swift in Sources */ = {isa = PBXBuildFile; fileRef = 34084D1F29BF5F2E00E62E92 /* CharacterListEndPoint.swift */; };
/* End PBXBuildFile section */

/* Begin PBXFileReference section */
		34084CFB29BD580300E62E92 /* LeagueOfLegendsWeek6.app */ = {isa = PBXFileReference; explicitFileType = wrapper.application; includeInIndex = 0; path = LeagueOfLegendsWeek6.app; sourceTree = BUILT_PRODUCTS_DIR; };
		34084CFE29BD580300E62E92 /* AppDelegate.swift */ = {isa = PBXFileReference; lastKnownFileType = sourcecode.swift; path = AppDelegate.swift; sourceTree = "<group>"; };
		34084D0029BD580300E62E92 /* SceneDelegate.swift */ = {isa = PBXFileReference; lastKnownFileType = sourcecode.swift; path = SceneDelegate.swift; sourceTree = "<group>"; };
		34084D0529BD580300E62E92 /* Base */ = {isa = PBXFileReference; lastKnownFileType = file.storyboard; name = Base; path = Base.lproj/Main.storyboard; sourceTree = "<group>"; };
		34084D0729BD580700E62E92 /* Assets.xcassets */ = {isa = PBXFileReference; lastKnownFileType = folder.assetcatalog; path = Assets.xcassets; sourceTree = "<group>"; };
		34084D0A29BD580700E62E92 /* Base */ = {isa = PBXFileReference; lastKnownFileType = file.storyboard; name = Base; path = Base.lproj/LaunchScreen.storyboard; sourceTree = "<group>"; };
		34084D0C29BD580700E62E92 /* Info.plist */ = {isa = PBXFileReference; lastKnownFileType = text.plist.xml; path = Info.plist; sourceTree = "<group>"; };
		34084D1829BD594A00E62E92 /* Character.swift */ = {isa = PBXFileReference; lastKnownFileType = sourcecode.swift; path = Character.swift; sourceTree = "<group>"; };
		34084D1B29BD5BC100E62E92 /* NetworkError.swift */ = {isa = PBXFileReference; lastKnownFileType = sourcecode.swift; path = NetworkError.swift; sourceTree = "<group>"; };
		34084D1D29BD5C1B00E62E92 /* APIService.swift */ = {isa = PBXFileReference; lastKnownFileType = sourcecode.swift; path = APIService.swift; sourceTree = "<group>"; };
		34084D1F29BF5F2E00E62E92 /* CharacterListEndPoint.swift */ = {isa = PBXFileReference; lastKnownFileType = sourcecode.swift; path = CharacterListEndPoint.swift; sourceTree = "<group>"; };
/* End PBXFileReference section */

/* Begin PBXFrameworksBuildPhase section */
		34084CF829BD580300E62E92 /* Frameworks */ = {
			isa = PBXFrameworksBuildPhase;
			buildActionMask = 2147483647;
			files = (
			);
			runOnlyForDeploymentPostprocessing = 0;
		};
/* End PBXFrameworksBuildPhase section */

/* Begin PBXGroup section */
		34084CF229BD580300E62E92 = {
			isa = PBXGroup;
			children = (
				34084CFD29BD580300E62E92 /* LeagueOfLegendsWeek6 */,
				34084CFC29BD580300E62E92 /* Products */,
			);
			sourceTree = "<group>";
		};
		34084CFC29BD580300E62E92 /* Products */ = {
			isa = PBXGroup;
			children = (
				34084CFB29BD580300E62E92 /* LeagueOfLegendsWeek6.app */,
			);
			name = Products;
			sourceTree = "<group>";
		};
		34084CFD29BD580300E62E92 /* LeagueOfLegendsWeek6 */ = {
			isa = PBXGroup;
			children = (
				34084D1A29BD5BB300E62E92 /* Networking */,
				34084D1529BD592B00E62E92 /* Models */,
				34084D1329BD58E900E62E92 /* UI */,
				34084D1229BD581700E62E92 /* SupportingFiles */,
			);
			path = LeagueOfLegendsWeek6;
			sourceTree = "<group>";
		};
		34084D1229BD581700E62E92 /* SupportingFiles */ = {
			isa = PBXGroup;
			children = (
				34084D0929BD580700E62E92 /* LaunchScreen.storyboard */,
				34084D0029BD580300E62E92 /* SceneDelegate.swift */,
				34084D0C29BD580700E62E92 /* Info.plist */,
				34084D0729BD580700E62E92 /* Assets.xcassets */,
				34084CFE29BD580300E62E92 /* AppDelegate.swift */,
			);
			path = SupportingFiles;
			sourceTree = "<group>";
		};
		34084D1329BD58E900E62E92 /* UI */ = {
			isa = PBXGroup;
			children = (
				34084D1429BD58F200E62E92 /* Characters List */,
			);
			path = UI;
			sourceTree = "<group>";
		};
		34084D1429BD58F200E62E92 /* Characters List */ = {
			isa = PBXGroup;
			children = (
				34084D0429BD580300E62E92 /* Main.storyboard */,
			);
			path = "Characters List";
			sourceTree = "<group>";
		};
		34084D1529BD592B00E62E92 /* Models */ = {
			isa = PBXGroup;
			children = (
				34084D1829BD594A00E62E92 /* Character.swift */,
			);
			path = Models;
			sourceTree = "<group>";
		};
		34084D1A29BD5BB300E62E92 /* Networking */ = {
			isa = PBXGroup;
			children = (
				34084D1B29BD5BC100E62E92 /* NetworkError.swift */,
				34084D1D29BD5C1B00E62E92 /* APIService.swift */,
				34084D1F29BF5F2E00E62E92 /* CharacterListEndPoint.swift */,
			);
			path = Networking;
			sourceTree = "<group>";
		};
/* End PBXGroup section */

/* Begin PBXNativeTarget section */
		34084CFA29BD580300E62E92 /* LeagueOfLegendsWeek6 */ = {
			isa = PBXNativeTarget;
			buildConfigurationList = 34084D0F29BD580700E62E92 /* Build configuration list for PBXNativeTarget "LeagueOfLegendsWeek6" */;
			buildPhases = (
				34084CF729BD580300E62E92 /* Sources */,
				34084CF829BD580300E62E92 /* Frameworks */,
				34084CF929BD580300E62E92 /* Resources */,
			);
			buildRules = (
			);
			dependencies = (
			);
			name = LeagueOfLegendsWeek6;
			productName = LeagueOfLegendsWeek6;
			productReference = 34084CFB29BD580300E62E92 /* LeagueOfLegendsWeek6.app */;
			productType = "com.apple.product-type.application";
		};
/* End PBXNativeTarget section */

/* Begin PBXProject section */
		34084CF329BD580300E62E92 /* Project object */ = {
			isa = PBXProject;
			attributes = {
				BuildIndependentTargetsInParallel = 1;
				LastSwiftUpdateCheck = 1420;
				LastUpgradeCheck = 1420;
				TargetAttributes = {
					34084CFA29BD580300E62E92 = {
						CreatedOnToolsVersion = 14.2;
					};
				};
			};
			buildConfigurationList = 34084CF629BD580300E62E92 /* Build configuration list for PBXProject "LeagueOfLegendsWeek6" */;
			compatibilityVersion = "Xcode 14.0";
			developmentRegion = en;
			hasScannedForEncodings = 0;
			knownRegions = (
				en,
				Base,
			);
			mainGroup = 34084CF229BD580300E62E92;
			productRefGroup = 34084CFC29BD580300E62E92 /* Products */;
			projectDirPath = "";
			projectRoot = "";
			targets = (
				34084CFA29BD580300E62E92 /* LeagueOfLegendsWeek6 */,
			);
		};
/* End PBXProject section */

/* Begin PBXResourcesBuildPhase section */
		34084CF929BD580300E62E92 /* Resources */ = {
			isa = PBXResourcesBuildPhase;
			buildActionMask = 2147483647;
			files = (
				34084D0B29BD580700E62E92 /* LaunchScreen.storyboard in Resources */,
				34084D0829BD580700E62E92 /* Assets.xcassets in Resources */,
				34084D0629BD580300E62E92 /* Main.storyboard in Resources */,
			);
			runOnlyForDeploymentPostprocessing = 0;
		};
/* End PBXResourcesBuildPhase section */

/* Begin PBXSourcesBuildPhase section */
		34084CF729BD580300E62E92 /* Sources */ = {
			isa = PBXSourcesBuildPhase;
			buildActionMask = 2147483647;
			files = (
				34084D1929BD594A00E62E92 /* Character.swift in Sources */,
				34084D1E29BD5C1B00E62E92 /* APIService.swift in Sources */,
				34084D2029BF5F2E00E62E92 /* CharacterListEndPoint.swift in Sources */,
				34084D1C29BD5BC100E62E92 /* NetworkError.swift in Sources */,
				34084CFF29BD580300E62E92 /* AppDelegate.swift in Sources */,
				34084D0129BD580300E62E92 /* SceneDelegate.swift in Sources */,
			);
			runOnlyForDeploymentPostprocessing = 0;
		};
/* End PBXSourcesBuildPhase section */

/* Begin PBXVariantGroup section */
		34084D0429BD580300E62E92 /* Main.storyboard */ = {
			isa = PBXVariantGroup;
			children = (
				34084D0529BD580300E62E92 /* Base */,
			);
			name = Main.storyboard;
			sourceTree = "<group>";
		};
		34084D0929BD580700E62E92 /* LaunchScreen.storyboard */ = {
			isa = PBXVariantGroup;
			children = (
				34084D0A29BD580700E62E92 /* Base */,
			);
			name = LaunchScreen.storyboard;
			sourceTree = "<group>";
		};
/* End PBXVariantGroup section */

/* Begin XCBuildConfiguration section */
		34084D0D29BD580700E62E92 /* Debug */ = {
			isa = XCBuildConfiguration;
			buildSettings = {
				ALWAYS_SEARCH_USER_PATHS = NO;
				CLANG_ANALYZER_NONNULL = YES;
				CLANG_ANALYZER_NUMBER_OBJECT_CONVERSION = YES_AGGRESSIVE;
				CLANG_CXX_LANGUAGE_STANDARD = "gnu++20";
				CLANG_ENABLE_MODULES = YES;
				CLANG_ENABLE_OBJC_ARC = YES;
				CLANG_ENABLE_OBJC_WEAK = YES;
				CLANG_WARN_BLOCK_CAPTURE_AUTORELEASING = YES;
				CLANG_WARN_BOOL_CONVERSION = YES;
				CLANG_WARN_COMMA = YES;
				CLANG_WARN_CONSTANT_CONVERSION = YES;
				CLANG_WARN_DEPRECATED_OBJC_IMPLEMENTATIONS = YES;
				CLANG_WARN_DIRECT_OBJC_ISA_USAGE = YES_ERROR;
				CLANG_WARN_DOCUMENTATION_COMMENTS = YES;
				CLANG_WARN_EMPTY_BODY = YES;
				CLANG_WARN_ENUM_CONVERSION = YES;
				CLANG_WARN_INFINITE_RECURSION = YES;
				CLANG_WARN_INT_CONVERSION = YES;
				CLANG_WARN_NON_LITERAL_NULL_CONVERSION = YES;
				CLANG_WARN_OBJC_IMPLICIT_RETAIN_SELF = YES;
				CLANG_WARN_OBJC_LITERAL_CONVERSION = YES;
				CLANG_WARN_OBJC_ROOT_CLASS = YES_ERROR;
				CLANG_WARN_QUOTED_INCLUDE_IN_FRAMEWORK_HEADER = YES;
				CLANG_WARN_RANGE_LOOP_ANALYSIS = YES;
				CLANG_WARN_STRICT_PROTOTYPES = YES;
				CLANG_WARN_SUSPICIOUS_MOVE = YES;
				CLANG_WARN_UNGUARDED_AVAILABILITY = YES_AGGRESSIVE;
				CLANG_WARN_UNREACHABLE_CODE = YES;
				CLANG_WARN__DUPLICATE_METHOD_MATCH = YES;
				COPY_PHASE_STRIP = NO;
				DEBUG_INFORMATION_FORMAT = dwarf;
				ENABLE_STRICT_OBJC_MSGSEND = YES;
				ENABLE_TESTABILITY = YES;
				GCC_C_LANGUAGE_STANDARD = gnu11;
				GCC_DYNAMIC_NO_PIC = NO;
				GCC_NO_COMMON_BLOCKS = YES;
				GCC_OPTIMIZATION_LEVEL = 0;
				GCC_PREPROCESSOR_DEFINITIONS = (
					"DEBUG=1",
					"$(inherited)",
				);
				GCC_WARN_64_TO_32_BIT_CONVERSION = YES;
				GCC_WARN_ABOUT_RETURN_TYPE = YES_ERROR;
				GCC_WARN_UNDECLARED_SELECTOR = YES;
				GCC_WARN_UNINITIALIZED_AUTOS = YES_AGGRESSIVE;
				GCC_WARN_UNUSED_FUNCTION = YES;
				GCC_WARN_UNUSED_VARIABLE = YES;
				IPHONEOS_DEPLOYMENT_TARGET = 16.2;
				MTL_ENABLE_DEBUG_INFO = INCLUDE_SOURCE;
				MTL_FAST_MATH = YES;
				ONLY_ACTIVE_ARCH = YES;
				SDKROOT = iphoneos;
				SWIFT_ACTIVE_COMPILATION_CONDITIONS = DEBUG;
				SWIFT_OPTIMIZATION_LEVEL = "-Onone";
			};
			name = Debug;
		};
		34084D0E29BD580700E62E92 /* Release */ = {
			isa = XCBuildConfiguration;
			buildSettings = {
				ALWAYS_SEARCH_USER_PATHS = NO;
				CLANG_ANALYZER_NONNULL = YES;
				CLANG_ANALYZER_NUMBER_OBJECT_CONVERSION = YES_AGGRESSIVE;
				CLANG_CXX_LANGUAGE_STANDARD = "gnu++20";
				CLANG_ENABLE_MODULES = YES;
				CLANG_ENABLE_OBJC_ARC = YES;
				CLANG_ENABLE_OBJC_WEAK = YES;
				CLANG_WARN_BLOCK_CAPTURE_AUTORELEASING = YES;
				CLANG_WARN_BOOL_CONVERSION = YES;
				CLANG_WARN_COMMA = YES;
				CLANG_WARN_CONSTANT_CONVERSION = YES;
				CLANG_WARN_DEPRECATED_OBJC_IMPLEMENTATIONS = YES;
				CLANG_WARN_DIRECT_OBJC_ISA_USAGE = YES_ERROR;
				CLANG_WARN_DOCUMENTATION_COMMENTS = YES;
				CLANG_WARN_EMPTY_BODY = YES;
				CLANG_WARN_ENUM_CONVERSION = YES;
				CLANG_WARN_INFINITE_RECURSION = YES;
				CLANG_WARN_INT_CONVERSION = YES;
				CLANG_WARN_NON_LITERAL_NULL_CONVERSION = YES;
				CLANG_WARN_OBJC_IMPLICIT_RETAIN_SELF = YES;
				CLANG_WARN_OBJC_LITERAL_CONVERSION = YES;
				CLANG_WARN_OBJC_ROOT_CLASS = YES_ERROR;
				CLANG_WARN_QUOTED_INCLUDE_IN_FRAMEWORK_HEADER = YES;
				CLANG_WARN_RANGE_LOOP_ANALYSIS = YES;
				CLANG_WARN_STRICT_PROTOTYPES = YES;
				CLANG_WARN_SUSPICIOUS_MOVE = YES;
				CLANG_WARN_UNGUARDED_AVAILABILITY = YES_AGGRESSIVE;
				CLANG_WARN_UNREACHABLE_CODE = YES;
				CLANG_WARN__DUPLICATE_METHOD_MATCH = YES;
				COPY_PHASE_STRIP = NO;
				DEBUG_INFORMATION_FORMAT = "dwarf-with-dsym";
				ENABLE_NS_ASSERTIONS = NO;
				ENABLE_STRICT_OBJC_MSGSEND = YES;
				GCC_C_LANGUAGE_STANDARD = gnu11;
				GCC_NO_COMMON_BLOCKS = YES;
				GCC_WARN_64_TO_32_BIT_CONVERSION = YES;
				GCC_WARN_ABOUT_RETURN_TYPE = YES_ERROR;
				GCC_WARN_UNDECLARED_SELECTOR = YES;
				GCC_WARN_UNINITIALIZED_AUTOS = YES_AGGRESSIVE;
				GCC_WARN_UNUSED_FUNCTION = YES;
				GCC_WARN_UNUSED_VARIABLE = YES;
				IPHONEOS_DEPLOYMENT_TARGET = 16.2;
				MTL_ENABLE_DEBUG_INFO = NO;
				MTL_FAST_MATH = YES;
				SDKROOT = iphoneos;
				SWIFT_COMPILATION_MODE = wholemodule;
				SWIFT_OPTIMIZATION_LEVEL = "-O";
				VALIDATE_PRODUCT = YES;
			};
			name = Release;
		};
		34084D1029BD580700E62E92 /* Debug */ = {
			isa = XCBuildConfiguration;
			buildSettings = {
				ASSETCATALOG_COMPILER_APPICON_NAME = AppIcon;
				ASSETCATALOG_COMPILER_GLOBAL_ACCENT_COLOR_NAME = AccentColor;
				CODE_SIGN_STYLE = Automatic;
				CURRENT_PROJECT_VERSION = 1;
				GENERATE_INFOPLIST_FILE = YES;
				INFOPLIST_FILE = LeagueOfLegendsWeek6/SupportingFiles/Info.plist;
				INFOPLIST_KEY_UIApplicationSupportsIndirectInputEvents = YES;
				INFOPLIST_KEY_UILaunchStoryboardName = LaunchScreen;
				INFOPLIST_KEY_UIMainStoryboardFile = Main;
				INFOPLIST_KEY_UISupportedInterfaceOrientations_iPad = "UIInterfaceOrientationPortrait UIInterfaceOrientationPortraitUpsideDown UIInterfaceOrientationLandscapeLeft UIInterfaceOrientationLandscapeRight";
				INFOPLIST_KEY_UISupportedInterfaceOrientations_iPhone = "UIInterfaceOrientationPortrait UIInterfaceOrientationLandscapeLeft UIInterfaceOrientationLandscapeRight";
				LD_RUNPATH_SEARCH_PATHS = (
					"$(inherited)",
					"@executable_path/Frameworks",
				);
				MARKETING_VERSION = 1.0;
				PRODUCT_BUNDLE_IDENTIFIER = MetaChillDevelopers.LeagueOfLegendsWeek6;
				PRODUCT_NAME = "$(TARGET_NAME)";
				SWIFT_EMIT_LOC_STRINGS = YES;
				SWIFT_VERSION = 5.0;
				TARGETED_DEVICE_FAMILY = "1,2";
			};
			name = Debug;
		};
		34084D1129BD580700E62E92 /* Release */ = {
			isa = XCBuildConfiguration;
			buildSettings = {
				ASSETCATALOG_COMPILER_APPICON_NAME = AppIcon;
				ASSETCATALOG_COMPILER_GLOBAL_ACCENT_COLOR_NAME = AccentColor;
				CODE_SIGN_STYLE = Automatic;
				CURRENT_PROJECT_VERSION = 1;
				GENERATE_INFOPLIST_FILE = YES;
				INFOPLIST_FILE = LeagueOfLegendsWeek6/SupportingFiles/Info.plist;
				INFOPLIST_KEY_UIApplicationSupportsIndirectInputEvents = YES;
				INFOPLIST_KEY_UILaunchStoryboardName = LaunchScreen;
				INFOPLIST_KEY_UIMainStoryboardFile = Main;
				INFOPLIST_KEY_UISupportedInterfaceOrientations_iPad = "UIInterfaceOrientationPortrait UIInterfaceOrientationPortraitUpsideDown UIInterfaceOrientationLandscapeLeft UIInterfaceOrientationLandscapeRight";
				INFOPLIST_KEY_UISupportedInterfaceOrientations_iPhone = "UIInterfaceOrientationPortrait UIInterfaceOrientationLandscapeLeft UIInterfaceOrientationLandscapeRight";
				LD_RUNPATH_SEARCH_PATHS = (
					"$(inherited)",
					"@executable_path/Frameworks",
				);
				MARKETING_VERSION = 1.0;
				PRODUCT_BUNDLE_IDENTIFIER = MetaChillDevelopers.LeagueOfLegendsWeek6;
				PRODUCT_NAME = "$(TARGET_NAME)";
				SWIFT_EMIT_LOC_STRINGS = YES;
				SWIFT_VERSION = 5.0;
				TARGETED_DEVICE_FAMILY = "1,2";
			};
			name = Release;
		};
/* End XCBuildConfiguration section */

/* Begin XCConfigurationList section */
		34084CF629BD580300E62E92 /* Build configuration list for PBXProject "LeagueOfLegendsWeek6" */ = {
			isa = XCConfigurationList;
			buildConfigurations = (
				34084D0D29BD580700E62E92 /* Debug */,
				34084D0E29BD580700E62E92 /* Release */,
			);
			defaultConfigurationIsVisible = 0;
			defaultConfigurationName = Release;
		};
		34084D0F29BD580700E62E92 /* Build configuration list for PBXNativeTarget "LeagueOfLegendsWeek6" */ = {
			isa = XCConfigurationList;
			buildConfigurations = (
				34084D1029BD580700E62E92 /* Debug */,
				34084D1129BD580700E62E92 /* Release */,
			);
			defaultConfigurationIsVisible = 0;
			defaultConfigurationName = Release;
		};
/* End XCConfigurationList section */
	};
	rootObject = 34084CF329BD580300E62E92 /* Project object */;
}
